
Microsoft Visual Studio Solution File, Format Version 12.00
# Visual Studio Version 17
VisualStudioVersion = 17.8.34330.188
MinimumVisualStudioVersion = 10.0.40219.1
Project("{FAE04EC0-301F-11D3-BF4B-00C04F79EFBC}") = "GenesysDiceBot", "GenesysDiceBot.csproj", "{2DC1BD2E-642D-4994-B724-D1BF61FE6D47}"
EndProject
Project("{FAE04EC0-301F-11D3-BF4B-00C04F79EFBC}") = "UnitTests", "UnitTests\UnitTests.csproj", "{BDDFD241-E9A6-4C15-B29A-8F718815AD40}"
EndProject
Global
	GlobalSection(SolutionConfigurationPlatforms) = preSolution
		Debug|Any CPU = Debug|Any CPU
		Release|Any CPU = Release|Any CPU
	EndGlobalSection
	GlobalSection(ProjectConfigurationPlatforms) = postSolution
		{2DC1BD2E-642D-4994-B724-D1BF61FE6D47}.Debug|Any CPU.ActiveCfg = Debug|Any CPU
		{2DC1BD2E-642D-4994-B724-D1BF61FE6D47}.Debug|Any CPU.Build.0 = Debug|Any CPU
		{2DC1BD2E-642D-4994-B724-D1BF61FE6D47}.Release|Any CPU.ActiveCfg = Release|Any CPU
		{2DC1BD2E-642D-4994-B724-D1BF61FE6D47}.Release|Any CPU.Build.0 = Release|Any CPU
		{BDDFD241-E9A6-4C15-B29A-8F718815AD40}.Debug|Any CPU.ActiveCfg = Debug|Any CPU
		{BDDFD241-E9A6-4C15-B29A-8F718815AD40}.Debug|Any CPU.Build.0 = Debug|Any CPU
		{BDDFD241-E9A6-4C15-B29A-8F718815AD40}.Release|Any CPU.ActiveCfg = Release|Any CPU
		{BDDFD241-E9A6-4C15-B29A-8F718815AD40}.Release|Any CPU.Build.0 = Release|Any CPU
	EndGlobalSection
	GlobalSection(SolutionProperties) = preSolution
		HideSolutionNode = FALSE
	EndGlobalSection
	GlobalSection(ExtensibilityGlobals) = postSolution
		SolutionGuid = {4E544908-C161-4700-AC6B-DAE6B15F35A0}
	EndGlobalSection
EndGlobal
